// !$*UTF8*$!
{
	archiveVersion = 1;
	classes = {
	};
	objectVersion = 46;
	objects = {

/* Begin PBXBuildFile section */
		3D1DBE6D1BC8C3650039F790 /* AppDelegate.swift in Sources */ = {isa = PBXBuildFile; fileRef = 3D1DBE6C1BC8C3650039F790 /* AppDelegate.swift */; };
		3D1DBE6F1BC8C3650039F790 /* ViewController.swift in Sources */ = {isa = PBXBuildFile; fileRef = 3D1DBE6E1BC8C3650039F790 /* ViewController.swift */; };
		3D1DBE721BC8C3650039F790 /* Main.storyboard in Resources */ = {isa = PBXBuildFile; fileRef = 3D1DBE701BC8C3650039F790 /* Main.storyboard */; };
		3D1DBE741BC8C3650039F790 /* Assets.xcassets in Resources */ = {isa = PBXBuildFile; fileRef = 3D1DBE731BC8C3650039F790 /* Assets.xcassets */; };
		3D1DBE771BC8C3650039F790 /* LaunchScreen.storyboard in Resources */ = {isa = PBXBuildFile; fileRef = 3D1DBE751BC8C3650039F790 /* LaunchScreen.storyboard */; };
		3D1DBE8F1BC8C37A0039F790 /* FDGapLayoutGuide.m in Sources */ = {isa = PBXBuildFile; fileRef = 3D1DBE801BC8C37A0039F790 /* FDGapLayoutGuide.m */; settings = {ASSET_TAGS = (); }; };
		3D1DBE901BC8C37A0039F790 /* FDLayoutSpacer.m in Sources */ = {isa = PBXBuildFile; fileRef = 3D1DBE821BC8C37A0039F790 /* FDLayoutSpacer.m */; settings = {ASSET_TAGS = (); }; };
		3D1DBE911BC8C37A0039F790 /* FDStackView.m in Sources */ = {isa = PBXBuildFile; fileRef = 3D1DBE841BC8C37A0039F790 /* FDStackView.m */; settings = {ASSET_TAGS = (); }; };
		3D1DBE921BC8C37A0039F790 /* FDStackViewAlignmentLayoutArrangement.m in Sources */ = {isa = PBXBuildFile; fileRef = 3D1DBE861BC8C37A0039F790 /* FDStackViewAlignmentLayoutArrangement.m */; settings = {ASSET_TAGS = (); }; };
		3D1DBE931BC8C37A0039F790 /* FDStackViewDistributionLayoutArrangement.m in Sources */ = {isa = PBXBuildFile; fileRef = 3D1DBE881BC8C37A0039F790 /* FDStackViewDistributionLayoutArrangement.m */; settings = {ASSET_TAGS = (); }; };
		3D1DBE941BC8C37A0039F790 /* FDStackViewExtensions.m in Sources */ = {isa = PBXBuildFile; fileRef = 3D1DBE8A1BC8C37A0039F790 /* FDStackViewExtensions.m */; settings = {ASSET_TAGS = (); }; };
		3D1DBE951BC8C37A0039F790 /* FDStackViewLayoutArrangement.m in Sources */ = {isa = PBXBuildFile; fileRef = 3D1DBE8C1BC8C37A0039F790 /* FDStackViewLayoutArrangement.m */; settings = {ASSET_TAGS = (); }; };
		3D1DBE961BC8C37A0039F790 /* FDTransformLayer.m in Sources */ = {isa = PBXBuildFile; fileRef = 3D1DBE8E1BC8C37A0039F790 /* FDTransformLayer.m */; settings = {ASSET_TAGS = (); }; };
		3D1DBE9C1BC8C41D0039F790 /* NestStackView.xib in Resources */ = {isa = PBXBuildFile; fileRef = 3D1DBE9B1BC8C41D0039F790 /* NestStackView.xib */; settings = {ASSET_TAGS = (); }; };
/* End PBXBuildFile section */

/* Begin PBXFileReference section */
		3D1DBE691BC8C3650039F790 /* TestFDStackView.app */ = {isa = PBXFileReference; explicitFileType = wrapper.application; includeInIndex = 0; path = TestFDStackView.app; sourceTree = BUILT_PRODUCTS_DIR; };
		3D1DBE6C1BC8C3650039F790 /* AppDelegate.swift */ = {isa = PBXFileReference; lastKnownFileType = sourcecode.swift; path = AppDelegate.swift; sourceTree = "<group>"; };
		3D1DBE6E1BC8C3650039F790 /* ViewController.swift */ = {isa = PBXFileReference; lastKnownFileType = sourcecode.swift; path = ViewController.swift; sourceTree = "<group>"; };
		3D1DBE711BC8C3650039F790 /* Base */ = {isa = PBXFileReference; lastKnownFileType = file.storyboard; name = Base; path = Base.lproj/Main.storyboard; sourceTree = "<group>"; };
		3D1DBE731BC8C3650039F790 /* Assets.xcassets */ = {isa = PBXFileReference; lastKnownFileType = folder.assetcatalog; path = Assets.xcassets; sourceTree = "<group>"; };
		3D1DBE761BC8C3650039F790 /* Base */ = {isa = PBXFileReference; lastKnownFileType = file.storyboard; name = Base; path = Base.lproj/LaunchScreen.storyboard; sourceTree = "<group>"; };
		3D1DBE781BC8C3650039F790 /* Info.plist */ = {isa = PBXFileReference; lastKnownFileType = text.plist.xml; path = Info.plist; sourceTree = "<group>"; };
		3D1DBE7F1BC8C37A0039F790 /* FDGapLayoutGuide.h */ = {isa = PBXFileReference; fileEncoding = 4; lastKnownFileType = sourcecode.c.h; path = FDGapLayoutGuide.h; sourceTree = "<group>"; };
		3D1DBE801BC8C37A0039F790 /* FDGapLayoutGuide.m */ = {isa = PBXFileReference; fileEncoding = 4; lastKnownFileType = sourcecode.c.objc; path = FDGapLayoutGuide.m; sourceTree = "<group>"; };
		3D1DBE811BC8C37A0039F790 /* FDLayoutSpacer.h */ = {isa = PBXFileReference; fileEncoding = 4; lastKnownFileType = sourcecode.c.h; path = FDLayoutSpacer.h; sourceTree = "<group>"; };
		3D1DBE821BC8C37A0039F790 /* FDLayoutSpacer.m */ = {isa = PBXFileReference; fileEncoding = 4; lastKnownFileType = sourcecode.c.objc; path = FDLayoutSpacer.m; sourceTree = "<group>"; };
		3D1DBE831BC8C37A0039F790 /* FDStackView.h */ = {isa = PBXFileReference; fileEncoding = 4; lastKnownFileType = sourcecode.c.h; path = FDStackView.h; sourceTree = "<group>"; };
		3D1DBE841BC8C37A0039F790 /* FDStackView.m */ = {isa = PBXFileReference; fileEncoding = 4; lastKnownFileType = sourcecode.c.objc; path = FDStackView.m; sourceTree = "<group>"; };
		3D1DBE851BC8C37A0039F790 /* FDStackViewAlignmentLayoutArrangement.h */ = {isa = PBXFileReference; fileEncoding = 4; lastKnownFileType = sourcecode.c.h; path = FDStackViewAlignmentLayoutArrangement.h; sourceTree = "<group>"; };
		3D1DBE861BC8C37A0039F790 /* FDStackViewAlignmentLayoutArrangement.m */ = {isa = PBXFileReference; fileEncoding = 4; lastKnownFileType = sourcecode.c.objc; path = FDStackViewAlignmentLayoutArrangement.m; sourceTree = "<group>"; };
		3D1DBE871BC8C37A0039F790 /* FDStackViewDistributionLayoutArrangement.h */ = {isa = PBXFileReference; fileEncoding = 4; lastKnownFileType = sourcecode.c.h; path = FDStackViewDistributionLayoutArrangement.h; sourceTree = "<group>"; };
		3D1DBE881BC8C37A0039F790 /* FDStackViewDistributionLayoutArrangement.m */ = {isa = PBXFileReference; fileEncoding = 4; lastKnownFileType = sourcecode.c.objc; path = FDStackViewDistributionLayoutArrangement.m; sourceTree = "<group>"; };
		3D1DBE891BC8C37A0039F790 /* FDStackViewExtensions.h */ = {isa = PBXFileReference; fileEncoding = 4; lastKnownFileType = sourcecode.c.h; path = FDStackViewExtensions.h; sourceTree = "<group>"; };
		3D1DBE8A1BC8C37A0039F790 /* FDStackViewExtensions.m */ = {isa = PBXFileReference; fileEncoding = 4; lastKnownFileType = sourcecode.c.objc; path = FDStackViewExtensions.m; sourceTree = "<group>"; };
		3D1DBE8B1BC8C37A0039F790 /* FDStackViewLayoutArrangement.h */ = {isa = PBXFileReference; fileEncoding = 4; lastKnownFileType = sourcecode.c.h; path = FDStackViewLayoutArrangement.h; sourceTree = "<group>"; };
		3D1DBE8C1BC8C37A0039F790 /* FDStackViewLayoutArrangement.m */ = {isa = PBXFileReference; fileEncoding = 4; lastKnownFileType = sourcecode.c.objc; path = FDStackViewLayoutArrangement.m; sourceTree = "<group>"; };
		3D1DBE8D1BC8C37A0039F790 /* FDTransformLayer.h */ = {isa = PBXFileReference; fileEncoding = 4; lastKnownFileType = sourcecode.c.h; path = FDTransformLayer.h; sourceTree = "<group>"; };
		3D1DBE8E1BC8C37A0039F790 /* FDTransformLayer.m */ = {isa = PBXFileReference; fileEncoding = 4; lastKnownFileType = sourcecode.c.objc; path = FDTransformLayer.m; sourceTree = "<group>"; };
		3D1DBE9B1BC8C41D0039F790 /* NestStackView.xib */ = {isa = PBXFileReference; fileEncoding = 4; lastKnownFileType = file.xib; path = NestStackView.xib; sourceTree = "<group>"; };
/* End PBXFileReference section */

/* Begin PBXFrameworksBuildPhase section */
		3D1DBE661BC8C3650039F790 /* Frameworks */ = {
			isa = PBXFrameworksBuildPhase;
			buildActionMask = 2147483647;
			files = (
			);
			runOnlyForDeploymentPostprocessing = 0;
		};
/* End PBXFrameworksBuildPhase section */

/* Begin PBXGroup section */
		3D1DBE601BC8C3650039F790 = {
			isa = PBXGroup;
			children = (
				3D1DBE6B1BC8C3650039F790 /* TestFDStackView */,
				3D1DBE6A1BC8C3650039F790 /* Products */,
			);
			sourceTree = "<group>";
		};
		3D1DBE6A1BC8C3650039F790 /* Products */ = {
			isa = PBXGroup;
			children = (
				3D1DBE691BC8C3650039F790 /* TestFDStackView.app */,
			);
			name = Products;
			sourceTree = "<group>";
		};
		3D1DBE6B1BC8C3650039F790 /* TestFDStackView */ = {
			isa = PBXGroup;
			children = (
				3D1DBE7E1BC8C37A0039F790 /* FDStackView */,
				3D1DBE6C1BC8C3650039F790 /* AppDelegate.swift */,
				3D1DBE6E1BC8C3650039F790 /* ViewController.swift */,
				3D1DBE9B1BC8C41D0039F790 /* NestStackView.xib */,
				3D1DBE701BC8C3650039F790 /* Main.storyboard */,
				3D1DBE731BC8C3650039F790 /* Assets.xcassets */,
				3D1DBE751BC8C3650039F790 /* LaunchScreen.storyboard */,
				3D1DBE781BC8C3650039F790 /* Info.plist */,
			);
			path = TestFDStackView;
			sourceTree = "<group>";
		};
		3D1DBE7E1BC8C37A0039F790 /* FDStackView */ = {
			isa = PBXGroup;
			children = (
				3D1DBE7F1BC8C37A0039F790 /* FDGapLayoutGuide.h */,
				3D1DBE801BC8C37A0039F790 /* FDGapLayoutGuide.m */,
				3D1DBE811BC8C37A0039F790 /* FDLayoutSpacer.h */,
				3D1DBE821BC8C37A0039F790 /* FDLayoutSpacer.m */,
				3D1DBE831BC8C37A0039F790 /* FDStackView.h */,
				3D1DBE841BC8C37A0039F790 /* FDStackView.m */,
				3D1DBE851BC8C37A0039F790 /* FDStackViewAlignmentLayoutArrangement.h */,
				3D1DBE861BC8C37A0039F790 /* FDStackViewAlignmentLayoutArrangement.m */,
				3D1DBE871BC8C37A0039F790 /* FDStackViewDistributionLayoutArrangement.h */,
				3D1DBE881BC8C37A0039F790 /* FDStackViewDistributionLayoutArrangement.m */,
				3D1DBE891BC8C37A0039F790 /* FDStackViewExtensions.h */,
				3D1DBE8A1BC8C37A0039F790 /* FDStackViewExtensions.m */,
				3D1DBE8B1BC8C37A0039F790 /* FDStackViewLayoutArrangement.h */,
				3D1DBE8C1BC8C37A0039F790 /* FDStackViewLayoutArrangement.m */,
				3D1DBE8D1BC8C37A0039F790 /* FDTransformLayer.h */,
				3D1DBE8E1BC8C37A0039F790 /* FDTransformLayer.m */,
			);
			path = FDStackView;
			sourceTree = "<group>";
		};
/* End PBXGroup section */

/* Begin PBXNativeTarget section */
		3D1DBE681BC8C3650039F790 /* TestFDStackView */ = {
			isa = PBXNativeTarget;
			buildConfigurationList = 3D1DBE7B1BC8C3650039F790 /* Build configuration list for PBXNativeTarget "TestFDStackView" */;
			buildPhases = (
				3D1DBE651BC8C3650039F790 /* Sources */,
				3D1DBE661BC8C3650039F790 /* Frameworks */,
				3D1DBE671BC8C3650039F790 /* Resources */,
			);
			buildRules = (
			);
			dependencies = (
			);
			name = TestFDStackView;
			productName = TestFDStackView;
			productReference = 3D1DBE691BC8C3650039F790 /* TestFDStackView.app */;
			productType = "com.apple.product-type.application";
		};
/* End PBXNativeTarget section */

/* Begin PBXProject section */
		3D1DBE611BC8C3650039F790 /* Project object */ = {
			isa = PBXProject;
			attributes = {
				LastUpgradeCheck = 0700;
				ORGANIZATIONNAME = Aimy;
				TargetAttributes = {
					3D1DBE681BC8C3650039F790 = {
						CreatedOnToolsVersion = 7.0.1;
					};
				};
			};
			buildConfigurationList = 3D1DBE641BC8C3650039F790 /* Build configuration list for PBXProject "TestFDStackView" */;
			compatibilityVersion = "Xcode 3.2";
			developmentRegion = English;
			hasScannedForEncodings = 0;
			knownRegions = (
				en,
				Base,
			);
			mainGroup = 3D1DBE601BC8C3650039F790;
			productRefGroup = 3D1DBE6A1BC8C3650039F790 /* Products */;
			projectDirPath = "";
			projectRoot = "";
			targets = (
				3D1DBE681BC8C3650039F790 /* TestFDStackView */,
			);
		};
/* End PBXProject section */

/* Begin PBXResourcesBuildPhase section */
		3D1DBE671BC8C3650039F790 /* Resources */ = {
			isa = PBXResourcesBuildPhase;
			buildActionMask = 2147483647;
			files = (
				3D1DBE771BC8C3650039F790 /* LaunchScreen.storyboard in Resources */,
				3D1DBE9C1BC8C41D0039F790 /* NestStackView.xib in Resources */,
				3D1DBE741BC8C3650039F790 /* Assets.xcassets in Resources */,
				3D1DBE721BC8C3650039F790 /* Main.storyboard in Resources */,
			);
			runOnlyForDeploymentPostprocessing = 0;
		};
/* End PBXResourcesBuildPhase section */

/* Begin PBXSourcesBuildPhase section */
		3D1DBE651BC8C3650039F790 /* Sources */ = {
			isa = PBXSourcesBuildPhase;
			buildActionMask = 2147483647;
			files = (
				3D1DBE8F1BC8C37A0039F790 /* FDGapLayoutGuide.m in Sources */,
				3D1DBE901BC8C37A0039F790 /* FDLayoutSpacer.m in Sources */,
				3D1DBE961BC8C37A0039F790 /* FDTransformLayer.m in Sources */,
				3D1DBE931BC8C37A0039F790 /* FDStackViewDistributionLayoutArrangement.m in Sources */,
				3D1DBE951BC8C37A0039F790 /* FDStackViewLayoutArrangement.m in Sources */,
				3D1DBE6F1BC8C3650039F790 /* ViewController.swift in Sources */,
				3D1DBE6D1BC8C3650039F790 /* AppDelegate.swift in Sources */,
				3D1DBE941BC8C37A0039F790 /* FDStackViewExtensions.m in Sources */,
				3D1DBE921BC8C37A0039F790 /* FDStackViewAlignmentLayoutArrangement.m in Sources */,
				3D1DBE911BC8C37A0039F790 /* FDStackView.m in Sources */,
			);
			runOnlyForDeploymentPostprocessing = 0;
		};
/* End PBXSourcesBuildPhase section */

/* Begin PBXVariantGroup section */
		3D1DBE701BC8C3650039F790 /* Main.storyboard */ = {
			isa = PBXVariantGroup;
			children = (
				3D1DBE711BC8C3650039F790 /* Base */,
			);
			name = Main.storyboard;
			sourceTree = "<group>";
		};
		3D1DBE751BC8C3650039F790 /* LaunchScreen.storyboard */ = {
			isa = PBXVariantGroup;
			children = (
				3D1DBE761BC8C3650039F790 /* Base */,
			);
			name = LaunchScreen.storyboard;
			sourceTree = "<group>";
		};
/* End PBXVariantGroup section */

/* Begin XCBuildConfiguration section */
		3D1DBE791BC8C3650039F790 /* Debug */ = {
			isa = XCBuildConfiguration;
			buildSettings = {
				ALWAYS_SEARCH_USER_PATHS = NO;
				CLANG_CXX_LANGUAGE_STANDARD = "gnu++0x";
				CLANG_CXX_LIBRARY = "libc++";
				CLANG_ENABLE_MODULES = YES;
				CLANG_ENABLE_OBJC_ARC = YES;
				CLANG_WARN_BOOL_CONVERSION = YES;
				CLANG_WARN_CONSTANT_CONVERSION = YES;
				CLANG_WARN_DIRECT_OBJC_ISA_USAGE = YES_ERROR;
				CLANG_WARN_EMPTY_BODY = YES;
				CLANG_WARN_ENUM_CONVERSION = YES;
				CLANG_WARN_INT_CONVERSION = YES;
				CLANG_WARN_OBJC_ROOT_CLASS = YES_ERROR;
				CLANG_WARN_UNREACHABLE_CODE = YES;
				CLANG_WARN__DUPLICATE_METHOD_MATCH = YES;
				"CODE_SIGN_IDENTITY[sdk=iphoneos*]" = "iPhone Developer";
				COPY_PHASE_STRIP = NO;
				DEBUG_INFORMATION_FORMAT = dwarf;
				ENABLE_STRICT_OBJC_MSGSEND = YES;
				ENABLE_TESTABILITY = YES;
				GCC_C_LANGUAGE_STANDARD = gnu99;
				GCC_DYNAMIC_NO_PIC = NO;
				GCC_NO_COMMON_BLOCKS = YES;
				GCC_OPTIMIZATION_LEVEL = 0;
				GCC_PREPROCESSOR_DEFINITIONS = (
					"DEBUG=1",
					"$(inherited)",
				);
				GCC_WARN_64_TO_32_BIT_CONVERSION = YES;
				GCC_WARN_ABOUT_RETURN_TYPE = YES_ERROR;
				GCC_WARN_UNDECLARED_SELECTOR = YES;
				GCC_WARN_UNINITIALIZED_AUTOS = YES_AGGRESSIVE;
				GCC_WARN_UNUSED_FUNCTION = YES;
				GCC_WARN_UNUSED_VARIABLE = YES;
				IPHONEOS_DEPLOYMENT_TARGET = 9.0;
				MTL_ENABLE_DEBUG_INFO = YES;
				ONLY_ACTIVE_ARCH = YES;
				SDKROOT = iphoneos;
				SWIFT_OPTIMIZATION_LEVEL = "-Onone";
			};
			name = Debug;
		};
		3D1DBE7A1BC8C3650039F790 /* Release */ = {
			isa = XCBuildConfiguration;
			buildSettings = {
				ALWAYS_SEARCH_USER_PATHS = NO;
				CLANG_CXX_LANGUAGE_STANDARD = "gnu++0x";
				CLANG_CXX_LIBRARY = "libc++";
				CLANG_ENABLE_MODULES = YES;
				CLANG_ENABLE_OBJC_ARC = YES;
				CLANG_WARN_BOOL_CONVERSION = YES;
				CLANG_WARN_CONSTANT_CONVERSION = YES;
				CLANG_WARN_DIRECT_OBJC_ISA_USAGE = YES_ERROR;
				CLANG_WARN_EMPTY_BODY = YES;
				CLANG_WARN_ENUM_CONVERSION = YES;
				CLANG_WARN_INT_CONVERSION = YES;
				CLANG_WARN_OBJC_ROOT_CLASS = YES_ERROR;
				CLANG_WARN_UNREACHABLE_CODE = YES;
				CLANG_WARN__DUPLICATE_METHOD_MATCH = YES;
				"CODE_SIGN_IDENTITY[sdk=iphoneos*]" = "iPhone Developer";
				COPY_PHASE_STRIP = NO;
				DEBUG_INFORMATION_FORMAT = "dwarf-with-dsym";
				ENABLE_NS_ASSERTIONS = NO;
				ENABLE_STRICT_OBJC_MSGSEND = YES;
				GCC_C_LANGUAGE_STANDARD = gnu99;
				GCC_NO_COMMON_BLOCKS = YES;
				GCC_WARN_64_TO_32_BIT_CONVERSION = YES;
				GCC_WARN_ABOUT_RETURN_TYPE = YES_ERROR;
				GCC_WARN_UNDECLARED_SELECTOR = YES;
				GCC_WARN_UNINITIALIZED_AUTOS = YES_AGGRESSIVE;
				GCC_WARN_UNUSED_FUNCTION = YES;
				GCC_WARN_UNUSED_VARIABLE = YES;
				IPHONEOS_DEPLOYMENT_TARGET = 9.0;
				MTL_ENABLE_DEBUG_INFO = NO;
				SDKROOT = iphoneos;
				VALIDATE_PRODUCT = YES;
			};
			name = Release;
		};
		3D1DBE7C1BC8C3650039F790 /* Debug */ = {
			isa = XCBuildConfiguration;
			buildSettings = {
				ASSETCATALOG_COMPILER_APPICON_NAME = AppIcon;
				INFOPLIST_FILE = TestFDStackView/Info.plist;
				IPHONEOS_DEPLOYMENT_TARGET = 7.0;
				LD_RUNPATH_SEARCH_PATHS = "$(inherited) @executable_path/Frameworks";
				PRODUCT_BUNDLE_IDENTIFIER = com.aimy.TestFDStackView;
				PRODUCT_NAME = "$(TARGET_NAME)";
				SWIFT_OBJC_BRIDGING_HEADER = "";
			};
			name = Debug;
		};
		3D1DBE7D1BC8C3650039F790 /* Release */ = {
			isa = XCBuildConfiguration;
			buildSettings = {
				ASSETCATALOG_COMPILER_APPICON_NAME = AppIcon;
				INFOPLIST_FILE = TestFDStackView/Info.plist;
				IPHONEOS_DEPLOYMENT_TARGET = 7.0;
				LD_RUNPATH_SEARCH_PATHS = "$(inherited) @executable_path/Frameworks";
				PRODUCT_BUNDLE_IDENTIFIER = com.aimy.TestFDStackView;
				PRODUCT_NAME = "$(TARGET_NAME)";
				SWIFT_OBJC_BRIDGING_HEADER = "";
			};
			name = Release;
		};
/* End XCBuildConfiguration section */

/* Begin XCConfigurationList section */
		3D1DBE641BC8C3650039F790 /* Build configuration list for PBXProject "TestFDStackView" */ = {
			isa = XCConfigurationList;
			buildConfigurations = (
				3D1DBE791BC8C3650039F790 /* Debug */,
				3D1DBE7A1BC8C3650039F790 /* Release */,
			);
			defaultConfigurationIsVisible = 0;
			defaultConfigurationName = Release;
		};
		3D1DBE7B1BC8C3650039F790 /* Build configuration list for PBXNativeTarget "TestFDStackView" */ = {
			isa = XCConfigurationList;
			buildConfigurations = (
				3D1DBE7C1BC8C3650039F790 /* Debug */,
				3D1DBE7D1BC8C3650039F790 /* Release */,
			);
			defaultConfigurationIsVisible = 0;
		};
/* End XCConfigurationList section */
	};
	rootObject = 3D1DBE611BC8C3650039F790 /* Project object */;
}
